// !$*UTF8*$!
{
	archiveVersion = 1;
	classes = {
	};
	objectVersion = 46;
	objects = {

/* Begin PBXBuildFile section */
		77063E191F73EFB6002B15B8 /* NACC_Watch_MainGroup.swift in Sources */ = {isa = PBXBuildFile; fileRef = 77063E181F73EFB6002B15B8 /* NACC_Watch_MainGroup.swift */; };
		771B6A9419618AC000011DC1 /* Localizable.strings in Resources */ = {isa = PBXBuildFile; fileRef = 771B6A9219618AC000011DC1 /* Localizable.strings */; };
		771BF1FC1D92E4D60024BAA6 /* LaunchScreen.storyboard in Resources */ = {isa = PBXBuildFile; fileRef = 771BF1FA1D92E4D60024BAA6 /* LaunchScreen.storyboard */; };
		7722AFEA1F74937400FB2E95 /* NACC_DateCalc.swift in Sources */ = {isa = PBXBuildFile; fileRef = 77D9F7D9195EE847007DF220 /* NACC_DateCalc.swift */; };
		77388C051960ECB0001F89A8 /* NACC_DatePickerViewController.swift in Sources */ = {isa = PBXBuildFile; fileRef = 77388C041960ECB0001F89A8 /* NACC_DatePickerViewController.swift */; };
		773DC6B41963028B00B169A4 /* Images.xcassets in Resources */ = {isa = PBXBuildFile; fileRef = 773DC6B31963028B00B169A4 /* Images.xcassets */; };
		778ED8411F753BBF007AAC03 /* Localizable.strings in Resources */ = {isa = PBXBuildFile; fileRef = 771B6A9219618AC000011DC1 /* Localizable.strings */; };
		779E76BD195F2E230061BAED /* NACC_TagModel.swift in Sources */ = {isa = PBXBuildFile; fileRef = 779E76BC195F2E230061BAED /* NACC_TagModel.swift */; };
		77BEF3BD1F731E4200BD4FF2 /* Images.xcassets in Resources */ = {isa = PBXBuildFile; fileRef = 773DC6B31963028B00B169A4 /* Images.xcassets */; };
		77BEF3BF1F731F2F00BD4FF2 /* NACC_TagModel.swift in Sources */ = {isa = PBXBuildFile; fileRef = 779E76BC195F2E230061BAED /* NACC_TagModel.swift */; };
		77D9F7BB195EE760007DF220 /* NACC_AppDelegate.swift in Sources */ = {isa = PBXBuildFile; fileRef = 77D9F7BA195EE760007DF220 /* NACC_AppDelegate.swift */; };
		77D9F7BD195EE760007DF220 /* NACC_NavigationController.swift in Sources */ = {isa = PBXBuildFile; fileRef = 77D9F7BC195EE760007DF220 /* NACC_NavigationController.swift */; };
		77D9F7C0195EE760007DF220 /* Main.storyboard in Resources */ = {isa = PBXBuildFile; fileRef = 77D9F7BE195EE760007DF220 /* Main.storyboard */; };
		77D9F7DA195EE847007DF220 /* NACC_DateCalc.swift in Sources */ = {isa = PBXBuildFile; fileRef = 77D9F7D9195EE847007DF220 /* NACC_DateCalc.swift */; };
		77E1EDE81F72E4C800211683 /* NACC_Companion_Interface.storyboard in Resources */ = {isa = PBXBuildFile; fileRef = 77E1EDE61F72E4C800211683 /* NACC_Companion_Interface.storyboard */; };
		77E1EDEA1F72E4C800211683 /* Assets.xcassets in Resources */ = {isa = PBXBuildFile; fileRef = 77E1EDE91F72E4C800211683 /* Assets.xcassets */; };
		77E1EDF11F72E4C800211683 /* NACC Companion Extension.appex in Embed App Extensions */ = {isa = PBXBuildFile; fileRef = 77E1EDF01F72E4C800211683 /* NACC Companion Extension.appex */; settings = {ATTRIBUTES = (RemoveHeadersOnCopy, ); }; };
		77E1EDF61F72E4C800211683 /* NACC_Companion_InterfaceController.swift in Sources */ = {isa = PBXBuildFile; fileRef = 77E1EDF51F72E4C800211683 /* NACC_Companion_InterfaceController.swift */; };
		77E1EDF81F72E4C800211683 /* ExtensionDelegate.swift in Sources */ = {isa = PBXBuildFile; fileRef = 77E1EDF71F72E4C800211683 /* ExtensionDelegate.swift */; };
		77E1EDFA1F72E4C800211683 /* NACC_Companion_ComplicationController.swift in Sources */ = {isa = PBXBuildFile; fileRef = 77E1EDF91F72E4C800211683 /* NACC_Companion_ComplicationController.swift */; };
		77E1EE001F72E4C800211683 /* NACC Companion.app in Embed Watch Content */ = {isa = PBXBuildFile; fileRef = 77E1EDE41F72E4C800211683 /* NACC Companion.app */; };
		77E694DC1960E3F6005F21FF /* NACC_MainViewController.swift in Sources */ = {isa = PBXBuildFile; fileRef = 77E694DB1960E3F6005F21FF /* NACC_MainViewController.swift */; };
		77F3F84F1F7469C500620402 /* NACC_iOSTests.swift in Sources */ = {isa = PBXBuildFile; fileRef = 77D9F7CD195EE760007DF220 /* NACC_iOSTests.swift */; };
		77F3F8501F7469F500620402 /* NACC_DateCalc.swift in Sources */ = {isa = PBXBuildFile; fileRef = 77D9F7D9195EE847007DF220 /* NACC_DateCalc.swift */; };
		77F3F8511F7469F500620402 /* NACC_TagModel.swift in Sources */ = {isa = PBXBuildFile; fileRef = 779E76BC195F2E230061BAED /* NACC_TagModel.swift */; };
		77F3F8521F746A5000620402 /* Localizable.strings in Resources */ = {isa = PBXBuildFile; fileRef = 771B6A9219618AC000011DC1 /* Localizable.strings */; };
/* End PBXBuildFile section */

/* Begin PBXContainerItemProxy section */
		77E1EDF21F72E4C800211683 /* PBXContainerItemProxy */ = {
			isa = PBXContainerItemProxy;
			containerPortal = 77D9F7AD195EE760007DF220 /* Project object */;
			proxyType = 1;
			remoteGlobalIDString = 77E1EDEF1F72E4C800211683;
			remoteInfo = "NACC Companion Extension";
		};
		77E1EDFE1F72E4C800211683 /* PBXContainerItemProxy */ = {
			isa = PBXContainerItemProxy;
			containerPortal = 77D9F7AD195EE760007DF220 /* Project object */;
			proxyType = 1;
			remoteGlobalIDString = 77E1EDE31F72E4C800211683;
			remoteInfo = "NACC Companion";
		};
		77F3F84A1F7469BC00620402 /* PBXContainerItemProxy */ = {
			isa = PBXContainerItemProxy;
			containerPortal = 77D9F7AD195EE760007DF220 /* Project object */;
			proxyType = 1;
			remoteGlobalIDString = 77D9F7B4195EE760007DF220;
			remoteInfo = NACC;
		};
/* End PBXContainerItemProxy section */

/* Begin PBXCopyFilesBuildPhase section */
		77E1EE041F72E4C800211683 /* Embed App Extensions */ = {
			isa = PBXCopyFilesBuildPhase;
			buildActionMask = 2147483647;
			dstPath = "";
			dstSubfolderSpec = 13;
			files = (
				77E1EDF11F72E4C800211683 /* NACC Companion Extension.appex in Embed App Extensions */,
			);
			name = "Embed App Extensions";
			runOnlyForDeploymentPostprocessing = 0;
		};
		77E1EE081F72E4C800211683 /* Embed Watch Content */ = {
			isa = PBXCopyFilesBuildPhase;
			buildActionMask = 2147483647;
			dstPath = "$(CONTENTS_FOLDER_PATH)/Watch";
			dstSubfolderSpec = 16;
			files = (
				77E1EE001F72E4C800211683 /* NACC Companion.app in Embed Watch Content */,
			);
			name = "Embed Watch Content";
			runOnlyForDeploymentPostprocessing = 0;
		};
/* End PBXCopyFilesBuildPhase section */

/* Begin PBXFileReference section */
		77063E181F73EFB6002B15B8 /* NACC_Watch_MainGroup.swift */ = {isa = PBXFileReference; lastKnownFileType = sourcecode.swift; path = NACC_Watch_MainGroup.swift; sourceTree = "<group>"; };
		771B6A9719618AD100011DC1 /* Base */ = {isa = PBXFileReference; lastKnownFileType = text.plist.strings; name = Base; path = Base.lproj/Localizable.strings; sourceTree = "<group>"; };
		771BF1FB1D92E4D60024BAA6 /* Base */ = {isa = PBXFileReference; lastKnownFileType = file.storyboard; name = Base; path = Base.lproj/LaunchScreen.storyboard; sourceTree = "<group>"; };
		77388C041960ECB0001F89A8 /* NACC_DatePickerViewController.swift */ = {isa = PBXFileReference; fileEncoding = 4; lastKnownFileType = sourcecode.swift; path = NACC_DatePickerViewController.swift; sourceTree = "<group>"; };
		773DC6B31963028B00B169A4 /* Images.xcassets */ = {isa = PBXFileReference; lastKnownFileType = folder.assetcatalog; path = Images.xcassets; sourceTree = "<group>"; };
		779E76BC195F2E230061BAED /* NACC_TagModel.swift */ = {isa = PBXFileReference; fileEncoding = 4; lastKnownFileType = sourcecode.swift; path = NACC_TagModel.swift; sourceTree = "<group>"; };
		77BB5C9C1960566F00B023FC /* Info.plist */ = {isa = PBXFileReference; lastKnownFileType = text.plist.xml; path = Info.plist; sourceTree = "<group>"; };
		77D9F7B5195EE760007DF220 /* NACC.app */ = {isa = PBXFileReference; explicitFileType = wrapper.application; includeInIndex = 0; path = NACC.app; sourceTree = BUILT_PRODUCTS_DIR; };
		77D9F7BA195EE760007DF220 /* NACC_AppDelegate.swift */ = {isa = PBXFileReference; lastKnownFileType = sourcecode.swift; path = NACC_AppDelegate.swift; sourceTree = "<group>"; };
		77D9F7BC195EE760007DF220 /* NACC_NavigationController.swift */ = {isa = PBXFileReference; lastKnownFileType = sourcecode.swift; path = NACC_NavigationController.swift; sourceTree = "<group>"; };
		77D9F7BF195EE760007DF220 /* Base */ = {isa = PBXFileReference; lastKnownFileType = file.storyboard; name = Base; path = Base.lproj/Main.storyboard; sourceTree = "<group>"; };
		77D9F7CC195EE760007DF220 /* Info.plist */ = {isa = PBXFileReference; lastKnownFileType = text.plist.xml; path = Info.plist; sourceTree = "<group>"; };
		77D9F7CD195EE760007DF220 /* NACC_iOSTests.swift */ = {isa = PBXFileReference; lastKnownFileType = sourcecode.swift; path = NACC_iOSTests.swift; sourceTree = "<group>"; };
		77D9F7D7195EE836007DF220 /* LICENSE.txt */ = {isa = PBXFileReference; lastKnownFileType = text; path = LICENSE.txt; sourceTree = "<group>"; };
		77D9F7D8195EE836007DF220 /* README.md */ = {isa = PBXFileReference; lastKnownFileType = net.daringfireball.markdown; path = README.md; sourceTree = "<group>"; };
		77D9F7D9195EE847007DF220 /* NACC_DateCalc.swift */ = {isa = PBXFileReference; fileEncoding = 4; lastKnownFileType = sourcecode.swift; path = NACC_DateCalc.swift; sourceTree = "<group>"; };
		77E1EDE41F72E4C800211683 /* NACC Companion.app */ = {isa = PBXFileReference; explicitFileType = wrapper.application; includeInIndex = 0; path = "NACC Companion.app"; sourceTree = BUILT_PRODUCTS_DIR; };
		77E1EDE71F72E4C800211683 /* Base */ = {isa = PBXFileReference; lastKnownFileType = file.storyboard; name = Base; path = Base.lproj/NACC_Companion_Interface.storyboard; sourceTree = "<group>"; };
		77E1EDE91F72E4C800211683 /* Assets.xcassets */ = {isa = PBXFileReference; lastKnownFileType = folder.assetcatalog; path = Assets.xcassets; sourceTree = "<group>"; };
		77E1EDEB1F72E4C800211683 /* Info.plist */ = {isa = PBXFileReference; lastKnownFileType = text.plist.xml; path = Info.plist; sourceTree = "<group>"; };
		77E1EDF01F72E4C800211683 /* NACC Companion Extension.appex */ = {isa = PBXFileReference; explicitFileType = "wrapper.app-extension"; includeInIndex = 0; path = "NACC Companion Extension.appex"; sourceTree = BUILT_PRODUCTS_DIR; };
		77E1EDF51F72E4C800211683 /* NACC_Companion_InterfaceController.swift */ = {isa = PBXFileReference; lastKnownFileType = sourcecode.swift; path = NACC_Companion_InterfaceController.swift; sourceTree = "<group>"; };
		77E1EDF71F72E4C800211683 /* ExtensionDelegate.swift */ = {isa = PBXFileReference; lastKnownFileType = sourcecode.swift; path = ExtensionDelegate.swift; sourceTree = "<group>"; };
		77E1EDF91F72E4C800211683 /* NACC_Companion_ComplicationController.swift */ = {isa = PBXFileReference; lastKnownFileType = sourcecode.swift; path = NACC_Companion_ComplicationController.swift; sourceTree = "<group>"; };
		77E1EDFD1F72E4C800211683 /* Info.plist */ = {isa = PBXFileReference; lastKnownFileType = text.plist.xml; path = Info.plist; sourceTree = "<group>"; };
		77E694DB1960E3F6005F21FF /* NACC_MainViewController.swift */ = {isa = PBXFileReference; fileEncoding = 4; lastKnownFileType = sourcecode.swift; path = NACC_MainViewController.swift; sourceTree = "<group>"; };
		77F3F8451F7469BC00620402 /* NACCTests.xctest */ = {isa = PBXFileReference; explicitFileType = wrapper.cfbundle; includeInIndex = 0; path = NACCTests.xctest; sourceTree = BUILT_PRODUCTS_DIR; };
/* End PBXFileReference section */

/* Begin PBXFrameworksBuildPhase section */
		77D9F7B2195EE760007DF220 /* Frameworks */ = {
			isa = PBXFrameworksBuildPhase;
			buildActionMask = 2147483647;
			files = (
			);
			runOnlyForDeploymentPostprocessing = 0;
		};
		77E1EDED1F72E4C800211683 /* Frameworks */ = {
			isa = PBXFrameworksBuildPhase;
			buildActionMask = 2147483647;
			files = (
			);
			runOnlyForDeploymentPostprocessing = 0;
		};
		77F3F8421F7469BC00620402 /* Frameworks */ = {
			isa = PBXFrameworksBuildPhase;
			buildActionMask = 2147483647;
			files = (
			);
			runOnlyForDeploymentPostprocessing = 0;
		};
/* End PBXFrameworksBuildPhase section */

/* Begin PBXGroup section */
		77235AA91960E58E006E42D3 /* Model */ = {
			isa = PBXGroup;
			children = (
				77D9F7D9195EE847007DF220 /* NACC_DateCalc.swift */,
				779E76BC195F2E230061BAED /* NACC_TagModel.swift */,
			);
			name = Model;
			sourceTree = "<group>";
		};
		77388C011960EAC4001F89A8 /* Main Screen */ = {
			isa = PBXGroup;
			children = (
				77E694DB1960E3F6005F21FF /* NACC_MainViewController.swift */,
			);
			name = "Main Screen";
			sourceTree = "<group>";
		};
		77388C031960EAFE001F89A8 /* Application Framework */ = {
			isa = PBXGroup;
			children = (
				77D9F7BA195EE760007DF220 /* NACC_AppDelegate.swift */,
				77D9F7BC195EE760007DF220 /* NACC_NavigationController.swift */,
			);
			name = "Application Framework";
			sourceTree = "<group>";
		};
		77D9F7AC195EE760007DF220 = {
			isa = PBXGroup;
			children = (
				77D9F7D7195EE836007DF220 /* LICENSE.txt */,
				77D9F7D8195EE836007DF220 /* README.md */,
				77D9F7B7195EE760007DF220 /* NACC */,
				77D9F7CA195EE760007DF220 /* NACCTests */,
				77E1EDE51F72E4C800211683 /* NACC Companion */,
				77E1EDF41F72E4C800211683 /* NACC Companion Extension */,
				77D9F7B6195EE760007DF220 /* Products */,
			);
			sourceTree = "<group>";
		};
		77D9F7B6195EE760007DF220 /* Products */ = {
			isa = PBXGroup;
			children = (
				77D9F7B5195EE760007DF220 /* NACC.app */,
				77E1EDE41F72E4C800211683 /* NACC Companion.app */,
				77E1EDF01F72E4C800211683 /* NACC Companion Extension.appex */,
				77F3F8451F7469BC00620402 /* NACCTests.xctest */,
			);
			name = Products;
			sourceTree = "<group>";
		};
		77D9F7B7195EE760007DF220 /* NACC */ = {
			isa = PBXGroup;
			children = (
				77388C031960EAFE001F89A8 /* Application Framework */,
				77235AA91960E58E006E42D3 /* Model */,
				77DECE5A1960F29200AEBEA8 /* Date Picker Screen */,
				77388C011960EAC4001F89A8 /* Main Screen */,
				77D9F7B8195EE760007DF220 /* Supporting Files */,
			);
			name = NACC;
			path = "NACC-iOS";
			sourceTree = "<group>";
		};
		77D9F7B8195EE760007DF220 /* Supporting Files */ = {
			isa = PBXGroup;
			children = (
				77D9F7BE195EE760007DF220 /* Main.storyboard */,
				771BF1FA1D92E4D60024BAA6 /* LaunchScreen.storyboard */,
				773DC6B31963028B00B169A4 /* Images.xcassets */,
				771B6A9219618AC000011DC1 /* Localizable.strings */,
				77BB5C9C1960566F00B023FC /* Info.plist */,
			);
			name = "Supporting Files";
			sourceTree = "<group>";
		};
		77D9F7CA195EE760007DF220 /* NACCTests */ = {
			isa = PBXGroup;
			children = (
				77D9F7CD195EE760007DF220 /* NACC_iOSTests.swift */,
				77D9F7CB195EE760007DF220 /* Supporting Files */,
			);
			name = NACCTests;
			path = "NACC-iOSTests";
			sourceTree = "<group>";
		};
		77D9F7CB195EE760007DF220 /* Supporting Files */ = {
			isa = PBXGroup;
			children = (
				77D9F7CC195EE760007DF220 /* Info.plist */,
			);
			name = "Supporting Files";
			sourceTree = "<group>";
		};
		77DECE5A1960F29200AEBEA8 /* Date Picker Screen */ = {
			isa = PBXGroup;
			children = (
				77388C041960ECB0001F89A8 /* NACC_DatePickerViewController.swift */,
			);
			name = "Date Picker Screen";
			sourceTree = "<group>";
		};
		77E1EDE51F72E4C800211683 /* NACC Companion */ = {
			isa = PBXGroup;
			children = (
				77E1EDE61F72E4C800211683 /* NACC_Companion_Interface.storyboard */,
				77E1EDE91F72E4C800211683 /* Assets.xcassets */,
				77E1EDEB1F72E4C800211683 /* Info.plist */,
			);
			path = "NACC Companion";
			sourceTree = "<group>";
		};
		77E1EDF41F72E4C800211683 /* NACC Companion Extension */ = {
			isa = PBXGroup;
			children = (
				77E1EDF71F72E4C800211683 /* ExtensionDelegate.swift */,
				77E1EDF51F72E4C800211683 /* NACC_Companion_InterfaceController.swift */,
				77E1EDF91F72E4C800211683 /* NACC_Companion_ComplicationController.swift */,
				77E1EDFD1F72E4C800211683 /* Info.plist */,
				77063E181F73EFB6002B15B8 /* NACC_Watch_MainGroup.swift */,
			);
			path = "NACC Companion Extension";
			sourceTree = "<group>";
		};
/* End PBXGroup section */

/* Begin PBXNativeTarget section */
		77D9F7B4195EE760007DF220 /* NACC */ = {
			isa = PBXNativeTarget;
			buildConfigurationList = 77D9F7D1195EE760007DF220 /* Build configuration list for PBXNativeTarget "NACC" */;
			buildPhases = (
				77D9F7B1195EE760007DF220 /* Sources */,
				77D9F7B2195EE760007DF220 /* Frameworks */,
				77D9F7B3195EE760007DF220 /* Resources */,
				77E1EE081F72E4C800211683 /* Embed Watch Content */,
			);
			buildRules = (
			);
			dependencies = (
				77E1EDFF1F72E4C800211683 /* PBXTargetDependency */,
			);
			name = NACC;
			productName = "NACC-iOS";
			productReference = 77D9F7B5195EE760007DF220 /* NACC.app */;
			productType = "com.apple.product-type.application";
		};
		77E1EDE31F72E4C800211683 /* NACC Companion */ = {
			isa = PBXNativeTarget;
			buildConfigurationList = 77E1EE051F72E4C800211683 /* Build configuration list for PBXNativeTarget "NACC Companion" */;
			buildPhases = (
				77E1EDE21F72E4C800211683 /* Resources */,
				77E1EE041F72E4C800211683 /* Embed App Extensions */,
			);
			buildRules = (
			);
			dependencies = (
				77E1EDF31F72E4C800211683 /* PBXTargetDependency */,
			);
			name = "NACC Companion";
			productName = "NACC Companion";
			productReference = 77E1EDE41F72E4C800211683 /* NACC Companion.app */;
			productType = "com.apple.product-type.application.watchapp2";
		};
		77E1EDEF1F72E4C800211683 /* NACC Companion Extension */ = {
			isa = PBXNativeTarget;
			buildConfigurationList = 77E1EE011F72E4C800211683 /* Build configuration list for PBXNativeTarget "NACC Companion Extension" */;
			buildPhases = (
				77E1EDEC1F72E4C800211683 /* Sources */,
				77E1EDED1F72E4C800211683 /* Frameworks */,
				77E1EDEE1F72E4C800211683 /* Resources */,
			);
			buildRules = (
			);
			dependencies = (
			);
			name = "NACC Companion Extension";
			productName = "NACC Companion Extension";
			productReference = 77E1EDF01F72E4C800211683 /* NACC Companion Extension.appex */;
			productType = "com.apple.product-type.watchkit2-extension";
		};
		77F3F8441F7469BC00620402 /* NACCTests */ = {
			isa = PBXNativeTarget;
			buildConfigurationList = 77F3F84E1F7469BC00620402 /* Build configuration list for PBXNativeTarget "NACCTests" */;
			buildPhases = (
				77F3F8411F7469BC00620402 /* Sources */,
				77F3F8421F7469BC00620402 /* Frameworks */,
				77F3F8431F7469BC00620402 /* Resources */,
			);
			buildRules = (
			);
			dependencies = (
				77F3F84B1F7469BC00620402 /* PBXTargetDependency */,
			);
			name = NACCTests;
			productName = NACCTests;
			productReference = 77F3F8451F7469BC00620402 /* NACCTests.xctest */;
			productType = "com.apple.product-type.bundle.unit-test";
		};
/* End PBXNativeTarget section */

/* Begin PBXProject section */
		77D9F7AD195EE760007DF220 /* Project object */ = {
			isa = PBXProject;
			attributes = {
				CLASSPREFIX = NACC_;
				LastSwiftUpdateCheck = 0900;
				LastUpgradeCheck = 0800;
				ORGANIZATIONNAME = MAGSHARE;
				TargetAttributes = {
					77D9F7B4195EE760007DF220 = {
						CreatedOnToolsVersion = 6.0;
						DevelopmentTeam = P53V4JS928;
						LastSwiftMigration = 0900;
					};
					77E1EDE31F72E4C800211683 = {
						CreatedOnToolsVersion = 9.0;
						DevelopmentTeam = P53V4JS928;
						ProvisioningStyle = Automatic;
					};
					77E1EDEF1F72E4C800211683 = {
						CreatedOnToolsVersion = 9.0;
						DevelopmentTeam = P53V4JS928;
						ProvisioningStyle = Automatic;
					};
					77F3F8441F7469BC00620402 = {
						CreatedOnToolsVersion = 9.0;
						DevelopmentTeam = P53V4JS928;
						ProvisioningStyle = Automatic;
						TestTargetID = 77D9F7B4195EE760007DF220;
					};
				};
			};
			buildConfigurationList = 77D9F7B0195EE760007DF220 /* Build configuration list for PBXProject "NACC" */;
			compatibilityVersion = "Xcode 3.2";
			developmentRegion = English;
			hasScannedForEncodings = 0;
			knownRegions = (
				en,
				Base,
			);
			mainGroup = 77D9F7AC195EE760007DF220;
			productRefGroup = 77D9F7B6195EE760007DF220 /* Products */;
			projectDirPath = "";
			projectRoot = "";
			targets = (
				77D9F7B4195EE760007DF220 /* NACC */,
				77E1EDE31F72E4C800211683 /* NACC Companion */,
				77E1EDEF1F72E4C800211683 /* NACC Companion Extension */,
				77F3F8441F7469BC00620402 /* NACCTests */,
			);
		};
/* End PBXProject section */

/* Begin PBXResourcesBuildPhase section */
		77D9F7B3195EE760007DF220 /* Resources */ = {
			isa = PBXResourcesBuildPhase;
			buildActionMask = 2147483647;
			files = (
				773DC6B41963028B00B169A4 /* Images.xcassets in Resources */,
				771BF1FC1D92E4D60024BAA6 /* LaunchScreen.storyboard in Resources */,
				77D9F7C0195EE760007DF220 /* Main.storyboard in Resources */,
				771B6A9419618AC000011DC1 /* Localizable.strings in Resources */,
			);
			runOnlyForDeploymentPostprocessing = 0;
		};
		77E1EDE21F72E4C800211683 /* Resources */ = {
			isa = PBXResourcesBuildPhase;
			buildActionMask = 2147483647;
			files = (
				77BEF3BD1F731E4200BD4FF2 /* Images.xcassets in Resources */,
				77E1EDEA1F72E4C800211683 /* Assets.xcassets in Resources */,
				77E1EDE81F72E4C800211683 /* NACC_Companion_Interface.storyboard in Resources */,
			);
			runOnlyForDeploymentPostprocessing = 0;
		};
		77E1EDEE1F72E4C800211683 /* Resources */ = {
			isa = PBXResourcesBuildPhase;
			buildActionMask = 2147483647;
			files = (
				778ED8411F753BBF007AAC03 /* Localizable.strings in Resources */,
			);
			runOnlyForDeploymentPostprocessing = 0;
		};
		77F3F8431F7469BC00620402 /* Resources */ = {
			isa = PBXResourcesBuildPhase;
			buildActionMask = 2147483647;
			files = (
				77F3F8521F746A5000620402 /* Localizable.strings in Resources */,
			);
			runOnlyForDeploymentPostprocessing = 0;
		};
/* End PBXResourcesBuildPhase section */

/* Begin PBXSourcesBuildPhase section */
		77D9F7B1195EE760007DF220 /* Sources */ = {
			isa = PBXSourcesBuildPhase;
			buildActionMask = 2147483647;
			files = (
				77D9F7BD195EE760007DF220 /* NACC_NavigationController.swift in Sources */,
				77D9F7DA195EE847007DF220 /* NACC_DateCalc.swift in Sources */,
				77E694DC1960E3F6005F21FF /* NACC_MainViewController.swift in Sources */,
				77D9F7BB195EE760007DF220 /* NACC_AppDelegate.swift in Sources */,
				77388C051960ECB0001F89A8 /* NACC_DatePickerViewController.swift in Sources */,
				779E76BD195F2E230061BAED /* NACC_TagModel.swift in Sources */,
			);
			runOnlyForDeploymentPostprocessing = 0;
		};
		77E1EDEC1F72E4C800211683 /* Sources */ = {
			isa = PBXSourcesBuildPhase;
			buildActionMask = 2147483647;
			files = (
				77E1EDF81F72E4C800211683 /* ExtensionDelegate.swift in Sources */,
				7722AFEA1F74937400FB2E95 /* NACC_DateCalc.swift in Sources */,
				77063E191F73EFB6002B15B8 /* NACC_Watch_MainGroup.swift in Sources */,
				77E1EDF61F72E4C800211683 /* NACC_Companion_InterfaceController.swift in Sources */,
				77E1EDFA1F72E4C800211683 /* NACC_Companion_ComplicationController.swift in Sources */,
				77BEF3BF1F731F2F00BD4FF2 /* NACC_TagModel.swift in Sources */,
			);
			runOnlyForDeploymentPostprocessing = 0;
		};
		77F3F8411F7469BC00620402 /* Sources */ = {
			isa = PBXSourcesBuildPhase;
			buildActionMask = 2147483647;
			files = (
				77F3F84F1F7469C500620402 /* NACC_iOSTests.swift in Sources */,
				77F3F8501F7469F500620402 /* NACC_DateCalc.swift in Sources */,
				77F3F8511F7469F500620402 /* NACC_TagModel.swift in Sources */,
			);
			runOnlyForDeploymentPostprocessing = 0;
		};
/* End PBXSourcesBuildPhase section */

/* Begin PBXTargetDependency section */
		77E1EDF31F72E4C800211683 /* PBXTargetDependency */ = {
			isa = PBXTargetDependency;
			target = 77E1EDEF1F72E4C800211683 /* NACC Companion Extension */;
			targetProxy = 77E1EDF21F72E4C800211683 /* PBXContainerItemProxy */;
		};
		77E1EDFF1F72E4C800211683 /* PBXTargetDependency */ = {
			isa = PBXTargetDependency;
			target = 77E1EDE31F72E4C800211683 /* NACC Companion */;
			targetProxy = 77E1EDFE1F72E4C800211683 /* PBXContainerItemProxy */;
		};
		77F3F84B1F7469BC00620402 /* PBXTargetDependency */ = {
			isa = PBXTargetDependency;
			target = 77D9F7B4195EE760007DF220 /* NACC */;
			targetProxy = 77F3F84A1F7469BC00620402 /* PBXContainerItemProxy */;
		};
/* End PBXTargetDependency section */

/* Begin PBXVariantGroup section */
		771B6A9219618AC000011DC1 /* Localizable.strings */ = {
			isa = PBXVariantGroup;
			children = (
				771B6A9719618AD100011DC1 /* Base */,
			);
			name = Localizable.strings;
			sourceTree = "<group>";
		};
		771BF1FA1D92E4D60024BAA6 /* LaunchScreen.storyboard */ = {
			isa = PBXVariantGroup;
			children = (
				771BF1FB1D92E4D60024BAA6 /* Base */,
			);
			name = LaunchScreen.storyboard;
			sourceTree = "<group>";
		};
		77D9F7BE195EE760007DF220 /* Main.storyboard */ = {
			isa = PBXVariantGroup;
			children = (
				77D9F7BF195EE760007DF220 /* Base */,
			);
			name = Main.storyboard;
			sourceTree = "<group>";
		};
		77E1EDE61F72E4C800211683 /* NACC_Companion_Interface.storyboard */ = {
			isa = PBXVariantGroup;
			children = (
				77E1EDE71F72E4C800211683 /* Base */,
			);
			name = NACC_Companion_Interface.storyboard;
			sourceTree = "<group>";
		};
/* End PBXVariantGroup section */

/* Begin XCBuildConfiguration section */
		77D9F7CF195EE760007DF220 /* Debug */ = {
			isa = XCBuildConfiguration;
			buildSettings = {
				ALWAYS_SEARCH_USER_PATHS = NO;
				CLANG_ANALYZER_LOCALIZABILITY_NONLOCALIZED = YES;
				CLANG_CXX_LANGUAGE_STANDARD = "gnu++0x";
				CLANG_CXX_LIBRARY = "libc++";
				CLANG_ENABLE_MODULES = YES;
				CLANG_ENABLE_OBJC_ARC = YES;
				CLANG_WARN_BOOL_CONVERSION = YES;
				CLANG_WARN_CONSTANT_CONVERSION = YES;
				CLANG_WARN_DIRECT_OBJC_ISA_USAGE = YES_ERROR;
				CLANG_WARN_EMPTY_BODY = YES;
				CLANG_WARN_ENUM_CONVERSION = YES;
				CLANG_WARN_IMPLICIT_SIGN_CONVERSION = YES;
				CLANG_WARN_INFINITE_RECURSION = YES;
				CLANG_WARN_INT_CONVERSION = YES;
				CLANG_WARN_OBJC_ROOT_CLASS = YES_ERROR;
				CLANG_WARN_SUSPICIOUS_MOVE = YES;
				CLANG_WARN_UNREACHABLE_CODE = YES;
				CLANG_WARN__DUPLICATE_METHOD_MATCH = YES;
				"CODE_SIGN_IDENTITY[sdk=iphoneos*]" = "iPhone Developer";
				COPY_PHASE_STRIP = NO;
				ENABLE_STRICT_OBJC_MSGSEND = YES;
				ENABLE_TESTABILITY = YES;
				GCC_C_LANGUAGE_STANDARD = gnu99;
				GCC_DYNAMIC_NO_PIC = NO;
				GCC_NO_COMMON_BLOCKS = YES;
				GCC_OPTIMIZATION_LEVEL = 0;
				GCC_PREPROCESSOR_DEFINITIONS = (
					"DEBUG=1",
					"$(inherited)",
				);
				GCC_SYMBOLS_PRIVATE_EXTERN = NO;
				GCC_TREAT_INCOMPATIBLE_POINTER_TYPE_WARNINGS_AS_ERRORS = YES;
				GCC_TREAT_WARNINGS_AS_ERRORS = YES;
				GCC_WARN_64_TO_32_BIT_CONVERSION = YES;
				GCC_WARN_ABOUT_MISSING_FIELD_INITIALIZERS = YES;
				GCC_WARN_ABOUT_RETURN_TYPE = YES_ERROR;
				GCC_WARN_SHADOW = YES;
				GCC_WARN_UNDECLARED_SELECTOR = YES;
				GCC_WARN_UNINITIALIZED_AUTOS = YES_AGGRESSIVE;
				GCC_WARN_UNUSED_FUNCTION = YES;
				GCC_WARN_UNUSED_VARIABLE = YES;
				IPHONEOS_DEPLOYMENT_TARGET = 10.0;
				METAL_ENABLE_DEBUG_INFO = YES;
				ONLY_ACTIVE_ARCH = YES;
				SDKROOT = iphoneos;
				SWIFT_OPTIMIZATION_LEVEL = "-Onone";
				SWIFT_SWIFT3_OBJC_INFERENCE = Off;
				SWIFT_TREAT_WARNINGS_AS_ERRORS = YES;
				TARGETED_DEVICE_FAMILY = "1,2";
			};
			name = Debug;
		};
		77D9F7D0195EE760007DF220 /* Release */ = {
			isa = XCBuildConfiguration;
			buildSettings = {
				ALWAYS_SEARCH_USER_PATHS = NO;
				CLANG_ANALYZER_LOCALIZABILITY_NONLOCALIZED = YES;
				CLANG_CXX_LANGUAGE_STANDARD = "gnu++0x";
				CLANG_CXX_LIBRARY = "libc++";
				CLANG_ENABLE_MODULES = YES;
				CLANG_ENABLE_OBJC_ARC = YES;
				CLANG_WARN_BOOL_CONVERSION = YES;
				CLANG_WARN_CONSTANT_CONVERSION = YES;
				CLANG_WARN_DIRECT_OBJC_ISA_USAGE = YES_ERROR;
				CLANG_WARN_EMPTY_BODY = YES;
				CLANG_WARN_ENUM_CONVERSION = YES;
				CLANG_WARN_IMPLICIT_SIGN_CONVERSION = YES;
				CLANG_WARN_INFINITE_RECURSION = YES;
				CLANG_WARN_INT_CONVERSION = YES;
				CLANG_WARN_OBJC_ROOT_CLASS = YES_ERROR;
				CLANG_WARN_SUSPICIOUS_MOVE = YES;
				CLANG_WARN_UNREACHABLE_CODE = YES;
				CLANG_WARN__DUPLICATE_METHOD_MATCH = YES;
				"CODE_SIGN_IDENTITY[sdk=iphoneos*]" = "iPhone Developer";
				COPY_PHASE_STRIP = YES;
				ENABLE_NS_ASSERTIONS = NO;
				ENABLE_STRICT_OBJC_MSGSEND = YES;
				GCC_C_LANGUAGE_STANDARD = gnu99;
				GCC_NO_COMMON_BLOCKS = YES;
				GCC_TREAT_INCOMPATIBLE_POINTER_TYPE_WARNINGS_AS_ERRORS = YES;
				GCC_TREAT_WARNINGS_AS_ERRORS = YES;
				GCC_WARN_64_TO_32_BIT_CONVERSION = YES;
				GCC_WARN_ABOUT_MISSING_FIELD_INITIALIZERS = YES;
				GCC_WARN_ABOUT_RETURN_TYPE = YES_ERROR;
				GCC_WARN_SHADOW = YES;
				GCC_WARN_UNDECLARED_SELECTOR = YES;
				GCC_WARN_UNINITIALIZED_AUTOS = YES_AGGRESSIVE;
				GCC_WARN_UNUSED_FUNCTION = YES;
				GCC_WARN_UNUSED_VARIABLE = YES;
				IPHONEOS_DEPLOYMENT_TARGET = 10.0;
				METAL_ENABLE_DEBUG_INFO = NO;
				SDKROOT = iphoneos;
				SWIFT_OPTIMIZATION_LEVEL = "-Owholemodule";
				SWIFT_SWIFT3_OBJC_INFERENCE = Off;
				SWIFT_TREAT_WARNINGS_AS_ERRORS = YES;
				TARGETED_DEVICE_FAMILY = "1,2";
				VALIDATE_PRODUCT = YES;
			};
			name = Release;
		};
		77D9F7D2195EE760007DF220 /* Debug */ = {
			isa = XCBuildConfiguration;
			buildSettings = {
				ASSETCATALOG_COMPILER_APPICON_NAME = AppIcon;
				ASSETCATALOG_COMPILER_LAUNCHIMAGE_NAME = LaunchImage;
				CLANG_USE_OPTIMIZATION_PROFILE = YES;
				CODE_SIGN_IDENTITY = "iPhone Developer";
				"CODE_SIGN_IDENTITY[sdk=iphoneos*]" = "iPhone Developer";
				DEVELOPMENT_TEAM = P53V4JS928;
				GCC_OPTIMIZATION_LEVEL = 0;
				HEADER_SEARCH_PATHS = "$(inherited)";
				INFOPLIST_FILE = "NACC-iOS/Info.plist";
				IPHONEOS_DEPLOYMENT_TARGET = 10.0;
				LD_RUNPATH_SEARCH_PATHS = "$(inherited) @executable_path/Frameworks";
				LIBRARY_SEARCH_PATHS = $inherited;
				PRODUCT_BUNDLE_IDENTIFIER = "org.magshare.${PRODUCT_NAME:rfc1034identifier}";
				PRODUCT_NAME = "$(TARGET_NAME)";
				PROVISIONING_PROFILE = "";
				SWIFT_SWIFT3_OBJC_INFERENCE = Default;
				SWIFT_VERSION = 4.0;
				TARGETED_DEVICE_FAMILY = "1,2";
			};
			name = Debug;
		};
		77D9F7D3195EE760007DF220 /* Release */ = {
			isa = XCBuildConfiguration;
			buildSettings = {
				ASSETCATALOG_COMPILER_APPICON_NAME = AppIcon;
				ASSETCATALOG_COMPILER_LAUNCHIMAGE_NAME = LaunchImage;
				CLANG_USE_OPTIMIZATION_PROFILE = YES;
				CODE_SIGN_IDENTITY = "iPhone Developer";
				"CODE_SIGN_IDENTITY[sdk=iphoneos*]" = "iPhone Developer";
				DEVELOPMENT_TEAM = P53V4JS928;
				GCC_OPTIMIZATION_LEVEL = s;
				HEADER_SEARCH_PATHS = "$(inherited)";
				INFOPLIST_FILE = "NACC-iOS/Info.plist";
				IPHONEOS_DEPLOYMENT_TARGET = 10.0;
				LD_RUNPATH_SEARCH_PATHS = "$(inherited) @executable_path/Frameworks";
				LIBRARY_SEARCH_PATHS = $inherited;
				PRODUCT_BUNDLE_IDENTIFIER = "org.magshare.${PRODUCT_NAME:rfc1034identifier}";
				PRODUCT_NAME = "$(TARGET_NAME)";
				PROVISIONING_PROFILE = "";
				SWIFT_SWIFT3_OBJC_INFERENCE = Default;
				SWIFT_VERSION = 4.0;
				TARGETED_DEVICE_FAMILY = "1,2";
			};
			name = Release;
		};
		77E1EE021F72E4C800211683 /* Debug */ = {
			isa = XCBuildConfiguration;
			buildSettings = {
				ASSETCATALOG_COMPILER_COMPLICATION_NAME = Complication;
				CLANG_ANALYZER_NONNULL = YES;
				CLANG_ANALYZER_NUMBER_OBJECT_CONVERSION = YES_AGGRESSIVE;
				CLANG_CXX_LANGUAGE_STANDARD = "gnu++14";
				CLANG_WARN_BLOCK_CAPTURE_AUTORELEASING = YES;
				CLANG_WARN_COMMA = YES;
				CLANG_WARN_DOCUMENTATION_COMMENTS = YES;
				CLANG_WARN_NON_LITERAL_NULL_CONVERSION = YES;
				CLANG_WARN_OBJC_LITERAL_CONVERSION = YES;
				CLANG_WARN_RANGE_LOOP_ANALYSIS = YES;
				CLANG_WARN_STRICT_PROTOTYPES = YES;
				CLANG_WARN_UNGUARDED_AVAILABILITY = YES_AGGRESSIVE;
				CODE_SIGN_STYLE = Automatic;
				DEBUG_INFORMATION_FORMAT = dwarf;
				DEVELOPMENT_TEAM = P53V4JS928;
				GCC_C_LANGUAGE_STANDARD = gnu11;
				INFOPLIST_FILE = "NACC Companion Extension/Info.plist";
				LD_RUNPATH_SEARCH_PATHS = "$(inherited) @executable_path/Frameworks @executable_path/../../Frameworks";
				MTL_ENABLE_DEBUG_INFO = YES;
				PRODUCT_BUNDLE_IDENTIFIER = org.magshare.NACC.watchkitapp.watchkitextension;
				PRODUCT_NAME = "${TARGET_NAME}";
				SDKROOT = watchos;
				SKIP_INSTALL = YES;
				SWIFT_ACTIVE_COMPILATION_CONDITIONS = DEBUG;
				SWIFT_VERSION = 4.0;
				TARGETED_DEVICE_FAMILY = 4;
				WATCHOS_DEPLOYMENT_TARGET = 3.0;
			};
			name = Debug;
		};
		77E1EE031F72E4C800211683 /* Release */ = {
			isa = XCBuildConfiguration;
			buildSettings = {
				ASSETCATALOG_COMPILER_COMPLICATION_NAME = Complication;
				CLANG_ANALYZER_NONNULL = YES;
				CLANG_ANALYZER_NUMBER_OBJECT_CONVERSION = YES_AGGRESSIVE;
				CLANG_CXX_LANGUAGE_STANDARD = "gnu++14";
				CLANG_WARN_BLOCK_CAPTURE_AUTORELEASING = YES;
				CLANG_WARN_COMMA = YES;
				CLANG_WARN_DOCUMENTATION_COMMENTS = YES;
				CLANG_WARN_NON_LITERAL_NULL_CONVERSION = YES;
				CLANG_WARN_OBJC_LITERAL_CONVERSION = YES;
				CLANG_WARN_RANGE_LOOP_ANALYSIS = YES;
				CLANG_WARN_STRICT_PROTOTYPES = YES;
				CLANG_WARN_UNGUARDED_AVAILABILITY = YES_AGGRESSIVE;
				CODE_SIGN_STYLE = Automatic;
				COPY_PHASE_STRIP = NO;
				DEBUG_INFORMATION_FORMAT = "dwarf-with-dsym";
				DEVELOPMENT_TEAM = P53V4JS928;
				GCC_C_LANGUAGE_STANDARD = gnu11;
				INFOPLIST_FILE = "NACC Companion Extension/Info.plist";
				LD_RUNPATH_SEARCH_PATHS = "$(inherited) @executable_path/Frameworks @executable_path/../../Frameworks";
				MTL_ENABLE_DEBUG_INFO = NO;
				PRODUCT_BUNDLE_IDENTIFIER = org.magshare.NACC.watchkitapp.watchkitextension;
				PRODUCT_NAME = "${TARGET_NAME}";
				SDKROOT = watchos;
				SKIP_INSTALL = YES;
				SWIFT_VERSION = 4.0;
				TARGETED_DEVICE_FAMILY = 4;
				WATCHOS_DEPLOYMENT_TARGET = 3.0;
			};
			name = Release;
		};
		77E1EE061F72E4C800211683 /* Debug */ = {
			isa = XCBuildConfiguration;
			buildSettings = {
				ALWAYS_EMBED_SWIFT_STANDARD_LIBRARIES = YES;
				ASSETCATALOG_COMPILER_APPICON_NAME = AppIcon;
				CLANG_ANALYZER_NONNULL = YES;
				CLANG_ANALYZER_NUMBER_OBJECT_CONVERSION = YES_AGGRESSIVE;
				CLANG_CXX_LANGUAGE_STANDARD = "gnu++14";
				CLANG_WARN_BLOCK_CAPTURE_AUTORELEASING = YES;
				CLANG_WARN_COMMA = YES;
				CLANG_WARN_DOCUMENTATION_COMMENTS = YES;
				CLANG_WARN_NON_LITERAL_NULL_CONVERSION = YES;
				CLANG_WARN_OBJC_LITERAL_CONVERSION = YES;
				CLANG_WARN_RANGE_LOOP_ANALYSIS = YES;
				CLANG_WARN_STRICT_PROTOTYPES = YES;
				CLANG_WARN_UNGUARDED_AVAILABILITY = YES_AGGRESSIVE;
				CODE_SIGN_IDENTITY = "iPhone Developer";
				"CODE_SIGN_IDENTITY[sdk=iphoneos*]" = "iPhone Developer";
				CODE_SIGN_STYLE = Automatic;
				DEBUG_INFORMATION_FORMAT = dwarf;
				DEVELOPMENT_TEAM = P53V4JS928;
				GCC_C_LANGUAGE_STANDARD = gnu11;
				IBSC_MODULE = NACC_Companion_Extension;
				INFOPLIST_FILE = "NACC Companion/Info.plist";
				MTL_ENABLE_DEBUG_INFO = YES;
				PRODUCT_BUNDLE_IDENTIFIER = org.magshare.NACC.watchkitapp;
				PRODUCT_NAME = "$(TARGET_NAME)";
				SDKROOT = watchos;
				SKIP_INSTALL = YES;
				SWIFT_ACTIVE_COMPILATION_CONDITIONS = DEBUG;
				SWIFT_VERSION = 4.0;
				TARGETED_DEVICE_FAMILY = 4;
				WATCHOS_DEPLOYMENT_TARGET = 3.0;
			};
			name = Debug;
		};
		77E1EE071F72E4C800211683 /* Release */ = {
			isa = XCBuildConfiguration;
			buildSettings = {
				ALWAYS_EMBED_SWIFT_STANDARD_LIBRARIES = YES;
				ASSETCATALOG_COMPILER_APPICON_NAME = AppIcon;
				CLANG_ANALYZER_NONNULL = YES;
				CLANG_ANALYZER_NUMBER_OBJECT_CONVERSION = YES_AGGRESSIVE;
				CLANG_CXX_LANGUAGE_STANDARD = "gnu++14";
				CLANG_WARN_BLOCK_CAPTURE_AUTORELEASING = YES;
				CLANG_WARN_COMMA = YES;
				CLANG_WARN_DOCUMENTATION_COMMENTS = YES;
				CLANG_WARN_NON_LITERAL_NULL_CONVERSION = YES;
				CLANG_WARN_OBJC_LITERAL_CONVERSION = YES;
				CLANG_WARN_RANGE_LOOP_ANALYSIS = YES;
				CLANG_WARN_STRICT_PROTOTYPES = YES;
				CLANG_WARN_UNGUARDED_AVAILABILITY = YES_AGGRESSIVE;
				CODE_SIGN_IDENTITY = "iPhone Developer";
				"CODE_SIGN_IDENTITY[sdk=iphoneos*]" = "iPhone Developer";
				CODE_SIGN_STYLE = Automatic;
				COPY_PHASE_STRIP = NO;
				DEBUG_INFORMATION_FORMAT = "dwarf-with-dsym";
				DEVELOPMENT_TEAM = P53V4JS928;
				GCC_C_LANGUAGE_STANDARD = gnu11;
				IBSC_MODULE = NACC_Companion_Extension;
				INFOPLIST_FILE = "NACC Companion/Info.plist";
				MTL_ENABLE_DEBUG_INFO = NO;
				PRODUCT_BUNDLE_IDENTIFIER = org.magshare.NACC.watchkitapp;
				PRODUCT_NAME = "$(TARGET_NAME)";
				SDKROOT = watchos;
				SKIP_INSTALL = YES;
				SWIFT_VERSION = 4.0;
				TARGETED_DEVICE_FAMILY = 4;
				WATCHOS_DEPLOYMENT_TARGET = 3.0;
			};
			name = Release;
		};
		77F3F84C1F7469BC00620402 /* Debug */ = {
			isa = XCBuildConfiguration;
			buildSettings = {
				BUNDLE_LOADER = "$(TEST_HOST)";
				CLANG_ANALYZER_NONNULL = YES;
				CLANG_ANALYZER_NUMBER_OBJECT_CONVERSION = YES_AGGRESSIVE;
				CLANG_CXX_LANGUAGE_STANDARD = "gnu++14";
				CLANG_WARN_BLOCK_CAPTURE_AUTORELEASING = YES;
				CLANG_WARN_COMMA = YES;
				CLANG_WARN_DOCUMENTATION_COMMENTS = YES;
				CLANG_WARN_NON_LITERAL_NULL_CONVERSION = YES;
				CLANG_WARN_OBJC_LITERAL_CONVERSION = YES;
				CLANG_WARN_RANGE_LOOP_ANALYSIS = YES;
				CLANG_WARN_STRICT_PROTOTYPES = YES;
				CLANG_WARN_UNGUARDED_AVAILABILITY = YES_AGGRESSIVE;
				CODE_SIGN_IDENTITY = "iPhone Developer";
				CODE_SIGN_STYLE = Automatic;
				DEBUG_INFORMATION_FORMAT = dwarf;
				DEVELOPMENT_TEAM = P53V4JS928;
				GCC_C_LANGUAGE_STANDARD = gnu11;
				INFOPLIST_FILE = NACCTests/Info.plist;
				IPHONEOS_DEPLOYMENT_TARGET = 11.0;
				LD_RUNPATH_SEARCH_PATHS = "$(inherited) @executable_path/Frameworks @loader_path/Frameworks";
				MTL_ENABLE_DEBUG_INFO = YES;
				PRODUCT_BUNDLE_IDENTIFIER = net.magshare.NACCTests;
				PRODUCT_NAME = "$(TARGET_NAME)";
				SWIFT_ACTIVE_COMPILATION_CONDITIONS = DEBUG;
				SWIFT_VERSION = 4.0;
				TARGETED_DEVICE_FAMILY = "1,2";
				TEST_HOST = "$(BUILT_PRODUCTS_DIR)/NACC.app/NACC";
			};
			name = Debug;
		};
		77F3F84D1F7469BC00620402 /* Release */ = {
			isa = XCBuildConfiguration;
			buildSettings = {
				BUNDLE_LOADER = "$(TEST_HOST)";
				CLANG_ANALYZER_NONNULL = YES;
				CLANG_ANALYZER_NUMBER_OBJECT_CONVERSION = YES_AGGRESSIVE;
				CLANG_CXX_LANGUAGE_STANDARD = "gnu++14";
				CLANG_WARN_BLOCK_CAPTURE_AUTORELEASING = YES;
				CLANG_WARN_COMMA = YES;
				CLANG_WARN_DOCUMENTATION_COMMENTS = YES;
				CLANG_WARN_NON_LITERAL_NULL_CONVERSION = YES;
				CLANG_WARN_OBJC_LITERAL_CONVERSION = YES;
				CLANG_WARN_RANGE_LOOP_ANALYSIS = YES;
				CLANG_WARN_STRICT_PROTOTYPES = YES;
				CLANG_WARN_UNGUARDED_AVAILABILITY = YES_AGGRESSIVE;
				CODE_SIGN_IDENTITY = "iPhone Developer";
				CODE_SIGN_STYLE = Automatic;
				COPY_PHASE_STRIP = NO;
				DEBUG_INFORMATION_FORMAT = "dwarf-with-dsym";
				DEVELOPMENT_TEAM = P53V4JS928;
				GCC_C_LANGUAGE_STANDARD = gnu11;
				INFOPLIST_FILE = NACCTests/Info.plist;
				IPHONEOS_DEPLOYMENT_TARGET = 11.0;
				LD_RUNPATH_SEARCH_PATHS = "$(inherited) @executable_path/Frameworks @loader_path/Frameworks";
				MTL_ENABLE_DEBUG_INFO = NO;
				PRODUCT_BUNDLE_IDENTIFIER = net.magshare.NACCTests;
				PRODUCT_NAME = "$(TARGET_NAME)";
				SWIFT_VERSION = 4.0;
				TARGETED_DEVICE_FAMILY = "1,2";
				TEST_HOST = "$(BUILT_PRODUCTS_DIR)/NACC.app/NACC";
			};
			name = Release;
		};
/* End XCBuildConfiguration section */

/* Begin XCConfigurationList section */
		77D9F7B0195EE760007DF220 /* Build configuration list for PBXProject "NACC" */ = {
			isa = XCConfigurationList;
			buildConfigurations = (
				77D9F7CF195EE760007DF220 /* Debug */,
				77D9F7D0195EE760007DF220 /* Release */,
			);
			defaultConfigurationIsVisible = 0;
			defaultConfigurationName = Release;
		};
		77D9F7D1195EE760007DF220 /* Build configuration list for PBXNativeTarget "NACC" */ = {
			isa = XCConfigurationList;
			buildConfigurations = (
				77D9F7D2195EE760007DF220 /* Debug */,
				77D9F7D3195EE760007DF220 /* Release */,
			);
			defaultConfigurationIsVisible = 0;
			defaultConfigurationName = Release;
		};
		77E1EE011F72E4C800211683 /* Build configuration list for PBXNativeTarget "NACC Companion Extension" */ = {
			isa = XCConfigurationList;
			buildConfigurations = (
				77E1EE021F72E4C800211683 /* Debug */,
				77E1EE031F72E4C800211683 /* Release */,
			);
			defaultConfigurationIsVisible = 0;
			defaultConfigurationName = Release;
		};
		77E1EE051F72E4C800211683 /* Build configuration list for PBXNativeTarget "NACC Companion" */ = {
			isa = XCConfigurationList;
			buildConfigurations = (
				77E1EE061F72E4C800211683 /* Debug */,
				77E1EE071F72E4C800211683 /* Release */,
			);
			defaultConfigurationIsVisible = 0;
			defaultConfigurationName = Release;
		};
		77F3F84E1F7469BC00620402 /* Build configuration list for PBXNativeTarget "NACCTests" */ = {
			isa = XCConfigurationList;
			buildConfigurations = (
				77F3F84C1F7469BC00620402 /* Debug */,
				77F3F84D1F7469BC00620402 /* Release */,
			);
			defaultConfigurationIsVisible = 0;
			defaultConfigurationName = Release;
		};
/* End XCConfigurationList section */
	};
	rootObject = 77D9F7AD195EE760007DF220 /* Project object */;
}
